// !$*UTF8*$!
{
	archiveVersion = 1;
	classes = {
	};
	objectVersion = 46;
	objects = {

/* Begin PBXBuildFile section */
		52EB6EEE1AA204AA005DA85B /* AppDelegate.swift in Sources */ = {isa = PBXBuildFile; fileRef = 52EB6EED1AA204AA005DA85B /* AppDelegate.swift */; };
		52EB6EF11AA204AA005DA85B /* RecordIt.xcdatamodeld in Sources */ = {isa = PBXBuildFile; fileRef = 52EB6EEF1AA204AA005DA85B /* RecordIt.xcdatamodeld */; };
		52EB6EF31AA204AA005DA85B /* ViewController.swift in Sources */ = {isa = PBXBuildFile; fileRef = 52EB6EF21AA204AA005DA85B /* ViewController.swift */; };
		52EB6EF61AA204AA005DA85B /* Main.storyboard in Resources */ = {isa = PBXBuildFile; fileRef = 52EB6EF41AA204AA005DA85B /* Main.storyboard */; };
		52EB6EF81AA204AA005DA85B /* Images.xcassets in Resources */ = {isa = PBXBuildFile; fileRef = 52EB6EF71AA204AA005DA85B /* Images.xcassets */; };
		52EB6EFB1AA204AA005DA85B /* LaunchScreen.xib in Resources */ = {isa = PBXBuildFile; fileRef = 52EB6EF91AA204AA005DA85B /* LaunchScreen.xib */; };
		52EB6F071AA204AA005DA85B /* RecordItTests.swift in Sources */ = {isa = PBXBuildFile; fileRef = 52EB6F061AA204AA005DA85B /* RecordItTests.swift */; };
/* End PBXBuildFile section */

/* Begin PBXContainerItemProxy section */
		52EB6F011AA204AA005DA85B /* PBXContainerItemProxy */ = {
			isa = PBXContainerItemProxy;
			containerPortal = 52EB6EE01AA204AA005DA85B /* Project object */;
			proxyType = 1;
			remoteGlobalIDString = 52EB6EE71AA204AA005DA85B;
			remoteInfo = RecordIt;
		};
/* End PBXContainerItemProxy section */

/* Begin PBXFileReference section */
		52EB6EE81AA204AA005DA85B /* RecordIt.app */ = {isa = PBXFileReference; explicitFileType = wrapper.application; includeInIndex = 0; path = RecordIt.app; sourceTree = BUILT_PRODUCTS_DIR; };
		52EB6EEC1AA204AA005DA85B /* Info.plist */ = {isa = PBXFileReference; lastKnownFileType = text.plist.xml; path = Info.plist; sourceTree = "<group>"; };
		52EB6EED1AA204AA005DA85B /* AppDelegate.swift */ = {isa = PBXFileReference; lastKnownFileType = sourcecode.swift; path = AppDelegate.swift; sourceTree = "<group>"; };
		52EB6EF01AA204AA005DA85B /* RecordIt.xcdatamodel */ = {isa = PBXFileReference; lastKnownFileType = wrapper.xcdatamodel; path = RecordIt.xcdatamodel; sourceTree = "<group>"; };
		52EB6EF21AA204AA005DA85B /* ViewController.swift */ = {isa = PBXFileReference; lastKnownFileType = sourcecode.swift; path = ViewController.swift; sourceTree = "<group>"; };
		52EB6EF51AA204AA005DA85B /* Base */ = {isa = PBXFileReference; lastKnownFileType = file.storyboard; name = Base; path = Base.lproj/Main.storyboard; sourceTree = "<group>"; };
		52EB6EF71AA204AA005DA85B /* Images.xcassets */ = {isa = PBXFileReference; lastKnownFileType = folder.assetcatalog; path = Images.xcassets; sourceTree = "<group>"; };
		52EB6EFA1AA204AA005DA85B /* Base */ = {isa = PBXFileReference; lastKnownFileType = file.xib; name = Base; path = Base.lproj/LaunchScreen.xib; sourceTree = "<group>"; };
		52EB6F001AA204AA005DA85B /* RecordItTests.xctest */ = {isa = PBXFileReference; explicitFileType = wrapper.cfbundle; includeInIndex = 0; path = RecordItTests.xctest; sourceTree = BUILT_PRODUCTS_DIR; };
		52EB6F051AA204AA005DA85B /* Info.plist */ = {isa = PBXFileReference; lastKnownFileType = text.plist.xml; path = Info.plist; sourceTree = "<group>"; };
		52EB6F061AA204AA005DA85B /* RecordItTests.swift */ = {isa = PBXFileReference; lastKnownFileType = sourcecode.swift; path = RecordItTests.swift; sourceTree = "<group>"; };
/* End PBXFileReference section */

/* Begin PBXFrameworksBuildPhase section */
		52EB6EE51AA204AA005DA85B /* Frameworks */ = {
			isa = PBXFrameworksBuildPhase;
			buildActionMask = 2147483647;
			files = (
			);
			runOnlyForDeploymentPostprocessing = 0;
		};
		52EB6EFD1AA204AA005DA85B /* Frameworks */ = {
			isa = PBXFrameworksBuildPhase;
			buildActionMask = 2147483647;
			files = (
			);
			runOnlyForDeploymentPostprocessing = 0;
		};
/* End PBXFrameworksBuildPhase section */

/* Begin PBXGroup section */
		52EB6EDF1AA204AA005DA85B = {
			isa = PBXGroup;
			children = (
				52EB6EEA1AA204AA005DA85B /* RecordIt */,
				52EB6F031AA204AA005DA85B /* RecordItTests */,
				52EB6EE91AA204AA005DA85B /* Products */,
			);
			sourceTree = "<group>";
		};
		52EB6EE91AA204AA005DA85B /* Products */ = {
			isa = PBXGroup;
			children = (
				52EB6EE81AA204AA005DA85B /* RecordIt.app */,
				52EB6F001AA204AA005DA85B /* RecordItTests.xctest */,
			);
			name = Products;
			sourceTree = "<group>";
		};
		52EB6EEA1AA204AA005DA85B /* RecordIt */ = {
			isa = PBXGroup;
			children = (
				52EB6EED1AA204AA005DA85B /* AppDelegate.swift */,
				52EB6EF21AA204AA005DA85B /* ViewController.swift */,
				52EB6EF41AA204AA005DA85B /* Main.storyboard */,
				52EB6EF71AA204AA005DA85B /* Images.xcassets */,
				52EB6EF91AA204AA005DA85B /* LaunchScreen.xib */,
				52EB6EEF1AA204AA005DA85B /* RecordIt.xcdatamodeld */,
				52EB6EEB1AA204AA005DA85B /* Supporting Files */,
			);
			path = RecordIt;
			sourceTree = "<group>";
		};
		52EB6EEB1AA204AA005DA85B /* Supporting Files */ = {
			isa = PBXGroup;
			children = (
				52EB6EEC1AA204AA005DA85B /* Info.plist */,
			);
			name = "Supporting Files";
			sourceTree = "<group>";
		};
		52EB6F031AA204AA005DA85B /* RecordItTests */ = {
			isa = PBXGroup;
			children = (
				52EB6F061AA204AA005DA85B /* RecordItTests.swift */,
				52EB6F041AA204AA005DA85B /* Supporting Files */,
			);
			path = RecordItTests;
			sourceTree = "<group>";
		};
		52EB6F041AA204AA005DA85B /* Supporting Files */ = {
			isa = PBXGroup;
			children = (
				52EB6F051AA204AA005DA85B /* Info.plist */,
			);
			name = "Supporting Files";
			sourceTree = "<group>";
		};
/* End PBXGroup section */

/* Begin PBXNativeTarget section */
		52EB6EE71AA204AA005DA85B /* RecordIt */ = {
			isa = PBXNativeTarget;
			buildConfigurationList = 52EB6F0A1AA204AA005DA85B /* Build configuration list for PBXNativeTarget "RecordIt" */;
			buildPhases = (
				52EB6EE41AA204AA005DA85B /* Sources */,
				52EB6EE51AA204AA005DA85B /* Frameworks */,
				52EB6EE61AA204AA005DA85B /* Resources */,
			);
			buildRules = (
			);
			dependencies = (
			);
			name = RecordIt;
			productName = RecordIt;
			productReference = 52EB6EE81AA204AA005DA85B /* RecordIt.app */;
			productType = "com.apple.product-type.application";
		};
		52EB6EFF1AA204AA005DA85B /* RecordItTests */ = {
			isa = PBXNativeTarget;
			buildConfigurationList = 52EB6F0D1AA204AA005DA85B /* Build configuration list for PBXNativeTarget "RecordItTests" */;
			buildPhases = (
				52EB6EFC1AA204AA005DA85B /* Sources */,
				52EB6EFD1AA204AA005DA85B /* Frameworks */,
				52EB6EFE1AA204AA005DA85B /* Resources */,
			);
			buildRules = (
			);
			dependencies = (
				52EB6F021AA204AA005DA85B /* PBXTargetDependency */,
			);
			name = RecordItTests;
			productName = RecordItTests;
			productReference = 52EB6F001AA204AA005DA85B /* RecordItTests.xctest */;
			productType = "com.apple.product-type.bundle.unit-test";
		};
/* End PBXNativeTarget section */

/* Begin PBXProject section */
		52EB6EE01AA204AA005DA85B /* Project object */ = {
			isa = PBXProject;
			attributes = {
				LastUpgradeCheck = 0610;
				ORGANIZATIONNAME = "Benjamin Myers";
				TargetAttributes = {
					52EB6EE71AA204AA005DA85B = {
						CreatedOnToolsVersion = 6.1.1;
					};
					52EB6EFF1AA204AA005DA85B = {
						CreatedOnToolsVersion = 6.1.1;
						TestTargetID = 52EB6EE71AA204AA005DA85B;
					};
				};
			};
			buildConfigurationList = 52EB6EE31AA204AA005DA85B /* Build configuration list for PBXProject "RecordIt" */;
			compatibilityVersion = "Xcode 3.2";
			developmentRegion = English;
			hasScannedForEncodings = 0;
			knownRegions = (
				en,
				Base,
			);
			mainGroup = 52EB6EDF1AA204AA005DA85B;
			productRefGroup = 52EB6EE91AA204AA005DA85B /* Products */;
			projectDirPath = "";
			projectRoot = "";
			targets = (
				52EB6EE71AA204AA005DA85B /* RecordIt */,
				52EB6EFF1AA204AA005DA85B /* RecordItTests */,
			);
		};
/* End PBXProject section */

/* Begin PBXResourcesBuildPhase section */
		52EB6EE61AA204AA005DA85B /* Resources */ = {
			isa = PBXResourcesBuildPhase;
			buildActionMask = 2147483647;
			files = (
				52EB6EF61AA204AA005DA85B /* Main.storyboard in Resources */,
				52EB6EFB1AA204AA005DA85B /* LaunchScreen.xib in Resources */,
				52EB6EF81AA204AA005DA85B /* Images.xcassets in Resources */,
			);
			runOnlyForDeploymentPostprocessing = 0;
		};
		52EB6EFE1AA204AA005DA85B /* Resources */ = {
			isa = PBXResourcesBuildPhase;
			buildActionMask = 2147483647;
			files = (
			);
			runOnlyForDeploymentPostprocessing = 0;
		};
/* End PBXResourcesBuildPhase section */

/* Begin PBXSourcesBuildPhase section */
		52EB6EE41AA204AA005DA85B /* Sources */ = {
			isa = PBXSourcesBuildPhase;
			buildActionMask = 2147483647;
			files = (
				52EB6EF31AA204AA005DA85B /* ViewController.swift in Sources */,
				52EB6EEE1AA204AA005DA85B /* AppDelegate.swift in Sources */,
				52EB6EF11AA204AA005DA85B /* RecordIt.xcdatamodeld in Sources */,
			);
			runOnlyForDeploymentPostprocessing = 0;
		};
		52EB6EFC1AA204AA005DA85B /* Sources */ = {
			isa = PBXSourcesBuildPhase;
			buildActionMask = 2147483647;
			files = (
				52EB6F071AA204AA005DA85B /* RecordItTests.swift in Sources */,
			);
			runOnlyForDeploymentPostprocessing = 0;
		};
/* End PBXSourcesBuildPhase section */

/* Begin PBXTargetDependency section */
		52EB6F021AA204AA005DA85B /* PBXTargetDependency */ = {
			isa = PBXTargetDependency;
			target = 52EB6EE71AA204AA005DA85B /* RecordIt */;
			targetProxy = 52EB6F011AA204AA005DA85B /* PBXContainerItemProxy */;
		};
/* End PBXTargetDependency section */

/* Begin PBXVariantGroup section */
		52EB6EF41AA204AA005DA85B /* Main.storyboard */ = {
			isa = PBXVariantGroup;
			children = (
				52EB6EF51AA204AA005DA85B /* Base */,
			);
			name = Main.storyboard;
			sourceTree = "<group>";
		};
		52EB6EF91AA204AA005DA85B /* LaunchScreen.xib */ = {
			isa = PBXVariantGroup;
			children = (
				52EB6EFA1AA204AA005DA85B /* Base */,
			);
			name = LaunchScreen.xib;
			sourceTree = "<group>";
		};
/* End PBXVariantGroup section */

/* Begin XCBuildConfiguration section */
		52EB6F081AA204AA005DA85B /* Debug */ = {
			isa = XCBuildConfiguration;
			buildSettings = {
				ALWAYS_SEARCH_USER_PATHS = NO;
				CLANG_CXX_LANGUAGE_STANDARD = "gnu++0x";
				CLANG_CXX_LIBRARY = "libc++";
				CLANG_ENABLE_MODULES = YES;
				CLANG_ENABLE_OBJC_ARC = YES;
				CLANG_WARN_BOOL_CONVERSION = YES;
				CLANG_WARN_CONSTANT_CONVERSION = YES;
				CLANG_WARN_DIRECT_OBJC_ISA_USAGE = YES_ERROR;
				CLANG_WARN_EMPTY_BODY = YES;
				CLANG_WARN_ENUM_CONVERSION = YES;
				CLANG_WARN_INT_CONVERSION = YES;
				CLANG_WARN_OBJC_ROOT_CLASS = YES_ERROR;
				CLANG_WARN_UNREACHABLE_CODE = YES;
				CLANG_WARN__DUPLICATE_METHOD_MATCH = YES;
				"CODE_SIGN_IDENTITY[sdk=iphoneos*]" = "iPhone Developer";
				COPY_PHASE_STRIP = NO;
				ENABLE_STRICT_OBJC_MSGSEND = YES;
				GCC_C_LANGUAGE_STANDARD = gnu99;
				GCC_DYNAMIC_NO_PIC = NO;
				GCC_OPTIMIZATION_LEVEL = 0;
				GCC_PREPROCESSOR_DEFINITIONS = (
					"DEBUG=1",
					"$(inherited)",
				);
				GCC_SYMBOLS_PRIVATE_EXTERN = NO;
				GCC_WARN_64_TO_32_BIT_CONVERSION = YES;
				GCC_WARN_ABOUT_RETURN_TYPE = YES_ERROR;
				GCC_WARN_UNDECLARED_SELECTOR = YES;
				GCC_WARN_UNINITIALIZED_AUTOS = YES_AGGRESSIVE;
				GCC_WARN_UNUSED_FUNCTION = YES;
				GCC_WARN_UNUSED_VARIABLE = YES;
				IPHONEOS_DEPLOYMENT_TARGET = 8.1;
				MTL_ENABLE_DEBUG_INFO = YES;
				ONLY_ACTIVE_ARCH = YES;
				SDKROOT = iphoneos;
				SWIFT_OPTIMIZATION_LEVEL = "-Onone";
				TARGETED_DEVICE_FAMILY = "1,2";
			};
			name = Debug;
		};
		52EB6F091AA204AA005DA85B /* Release */ = {
			isa = XCBuildConfiguration;
			buildSettings = {
				ALWAYS_SEARCH_USER_PATHS = NO;
				CLANG_CXX_LANGUAGE_STANDARD = "gnu++0x";
				CLANG_CXX_LIBRARY = "libc++";
				CLANG_ENABLE_MODULES = YES;
				CLANG_ENABLE_OBJC_ARC = YES;
				CLANG_WARN_BOOL_CONVERSION = YES;
				CLANG_WARN_CONSTANT_CONVERSION = YES;
				CLANG_WARN_DIRECT_OBJC_ISA_USAGE = YES_ERROR;
				CLANG_WARN_EMPTY_BODY = YES;
				CLANG_WARN_ENUM_CONVERSION = YES;
				CLANG_WARN_INT_CONVERSION = YES;
				CLANG_WARN_OBJC_ROOT_CLASS = YES_ERROR;
				CLANG_WARN_UNREACHABLE_CODE = YES;
				CLANG_WARN__DUPLICATE_METHOD_MATCH = YES;
				"CODE_SIGN_IDENTITY[sdk=iphoneos*]" = "iPhone Developer";
				COPY_PHASE_STRIP = YES;
				ENABLE_NS_ASSERTIONS = NO;
				ENABLE_STRICT_OBJC_MSGSEND = YES;
				GCC_C_LANGUAGE_STANDARD = gnu99;
				GCC_WARN_64_TO_32_BIT_CONVERSION = YES;
				GCC_WARN_ABOUT_RETURN_TYPE = YES_ERROR;
				GCC_WARN_UNDECLARED_SELECTOR = YES;
				GCC_WARN_UNINITIALIZED_AUTOS = YES_AGGRESSIVE;
				GCC_WARN_UNUSED_FUNCTION = YES;
				GCC_WARN_UNUSED_VARIABLE = YES;
				IPHONEOS_DEPLOYMENT_TARGET = 8.1;
				MTL_ENABLE_DEBUG_INFO = NO;
				SDKROOT = iphoneos;
				TARGETED_DEVICE_FAMILY = "1,2";
				VALIDATE_PRODUCT = YES;
			};
			name = Release;
		};
		52EB6F0B1AA204AA005DA85B /* Debug */ = {
			isa = XCBuildConfiguration;
			buildSettings = {
				ASSETCATALOG_COMPILER_APPICON_NAME = AppIcon;
				INFOPLIST_FILE = RecordIt/Info.plist;
				LD_RUNPATH_SEARCH_PATHS = "$(inherited) @executable_path/Frameworks";
				PRODUCT_NAME = "$(TARGET_NAME)";
			};
			name = Debug;
		};
		52EB6F0C1AA204AA005DA85B /* Release */ = {
			isa = XCBuildConfiguration;
			buildSettings = {
				ASSETCATALOG_COMPILER_APPICON_NAME = AppIcon;
				INFOPLIST_FILE = RecordIt/Info.plist;
				LD_RUNPATH_SEARCH_PATHS = "$(inherited) @executable_path/Frameworks";
				PRODUCT_NAME = "$(TARGET_NAME)";
			};
			name = Release;
		};
		52EB6F0E1AA204AA005DA85B /* Debug */ = {
			isa = XCBuildConfiguration;
			buildSettings = {
				BUNDLE_LOADER = "$(TEST_HOST)";
				FRAMEWORK_SEARCH_PATHS = (
					"$(SDKROOT)/Developer/Library/Frameworks",
					"$(inherited)",
				);
				GCC_PREPROCESSOR_DEFINITIONS = (
					"DEBUG=1",
					"$(inherited)",
				);
				INFOPLIST_FILE = RecordItTests/Info.plist;
				LD_RUNPATH_SEARCH_PATHS = "$(inherited) @executable_path/Frameworks @loader_path/Frameworks";
				PRODUCT_NAME = "$(TARGET_NAME)";
				TEST_HOST = "$(BUILT_PRODUCTS_DIR)/RecordIt.app/RecordIt";
			};
			name = Debug;
		};
		52EB6F0F1AA204AA005DA85B /* Release */ = {
			isa = XCBuildConfiguration;
			buildSettings = {
				BUNDLE_LOADER = "$(TEST_HOST)";
				FRAMEWORK_SEARCH_PATHS = (
					"$(SDKROOT)/Developer/Library/Frameworks",
					"$(inherited)",
				);
				INFOPLIST_FILE = RecordItTests/Info.plist;
				LD_RUNPATH_SEARCH_PATHS = "$(inherited) @executable_path/Frameworks @loader_path/Frameworks";
				PRODUCT_NAME = "$(TARGET_NAME)";
				TEST_HOST = "$(BUILT_PRODUCTS_DIR)/RecordIt.app/RecordIt";
			};
			name = Release;
		};
/* End XCBuildConfiguration section */

/* Begin XCConfigurationList section */
		52EB6EE31AA204AA005DA85B /* Build configuration list for PBXProject "RecordIt" */ = {
			isa = XCConfigurationList;
			buildConfigurations = (
				52EB6F081AA204AA005DA85B /* Debug */,
				52EB6F091AA204AA005DA85B /* Release */,
			);
			defaultConfigurationIsVisible = 0;
			defaultConfigurationName = Release;
		};
		52EB6F0A1AA204AA005DA85B /* Build configuration list for PBXNativeTarget "RecordIt" */ = {
			isa = XCConfigurationList;
			buildConfigurations = (
				52EB6F0B1AA204AA005DA85B /* Debug */,
				52EB6F0C1AA204AA005DA85B /* Release */,
			);
			defaultConfigurationIsVisible = 0;
		};
		52EB6F0D1AA204AA005DA85B /* Build configuration list for PBXNativeTarget "RecordItTests" */ = {
			isa = XCConfigurationList;
			buildConfigurations = (
				52EB6F0E1AA204AA005DA85B /* Debug */,
				52EB6F0F1AA204AA005DA85B /* Release */,
			);
			defaultConfigurationIsVisible = 0;
		};
/* End XCConfigurationList section */

/* Begin XCVersionGroup section */
		52EB6EEF1AA204AA005DA85B /* RecordIt.xcdatamodeld */ = {
			isa = XCVersionGroup;
			children = (
				52EB6EF01AA204AA005DA85B /* RecordIt.xcdatamodel */,
			);
			currentVersion = 52EB6EF01AA204AA005DA85B /* RecordIt.xcdatamodel */;
			path = RecordIt.xcdatamodeld;
			sourceTree = "<group>";
			versionGroupType = wrapper.xcdatamodel;
		};
/* End XCVersionGroup section */
	};
	rootObject = 52EB6EE01AA204AA005DA85B /* Project object */;
}
